
Microsoft Visual Studio Solution File, Format Version 12.00
Project("{FAE04EC0-301F-11D3-BF4B-00C04F79EFBC}") = "BasicPractice", "BasicPractice\BasicPractice.csproj", "{348C5E76-C351-4C92-B1AD-6F6C84328ED4}"
EndProject
Global
	GlobalSection(SolutionConfigurationPlatforms) = preSolution
		Debug|Any CPU = Debug|Any CPU
		Release|Any CPU = Release|Any CPU
	EndGlobalSection
	GlobalSection(ProjectConfigurationPlatforms) = postSolution
		{348C5E76-C351-4C92-B1AD-6F6C84328ED4}.Debug|Any CPU.ActiveCfg = Debug|Any CPU
		{348C5E76-C351-4C92-B1AD-6F6C84328ED4}.Debug|Any CPU.Build.0 = Debug|Any CPU
		{348C5E76-C351-4C92-B1AD-6F6C84328ED4}.Release|Any CPU.ActiveCfg = Release|Any CPU
		{348C5E76-C351-4C92-B1AD-6F6C84328ED4}.Release|Any CPU.Build.0 = Release|Any CPU
	EndGlobalSection
EndGlobal
